Microsoft Visual Studio Solution File, Format Version 12.00
# Visual Studio 15
VisualStudioVersion = 15.0.26124.0
MinimumVisualStudioVersion = 15.0.26124.0
Project("{2150E333-8FDC-42A3-9474-1A3956D46DE8}") = "src", "src", "{97772813-B246-499F-8970-4675EE416422}"
EndProject
Project("{9A19103F-16F7-4668-BE54-9A1E7A4F7556}") = "ManageCourses.Api", "src\ManageCourses.Api\ManageCourses.Api.csproj", "{1B14DEBC-6F2D-45EB-B4BF-8C84EA78A574}"
EndProject
Project("{9A19103F-16F7-4668-BE54-9A1E7A4F7556}") = "ManageCourses.Domain", "src\ManageCourses.Domain\ManageCourses.Domain.csproj", "{5F275A12-17FE-4ABE-AA74-DE3CF654A49E}"
EndProject
Project("{2150E333-8FDC-42A3-9474-1A3956D46DE8}") = "tests", "tests", "{4302DC49-CE76-491F-8130-316C683B479E}"
EndProject
Project("{9A19103F-16F7-4668-BE54-9A1E7A4F7556}") = "ManageCourses.Tests", "tests\ManageCourses.Tests\ManageCourses.Tests.csproj", "{9AA5A243-8EA1-4201-AA3E-E15FBC9360A5}"
EndProject
Project("{2150E333-8FDC-42A3-9474-1A3956D46DE8}") = "Solution Items", "Solution Items", "{CFA02597-E2C6-4F09-BC95-5DF91FD6ABDA}"
	ProjectSection(SolutionItems) = preProject
		.deployment = .deployment
		.gitignore = .gitignore
		.travis.yml = .travis.yml
		LICENSE = LICENSE
		nuget.config = nuget.config
		README.md = README.md
		travis-build.sh = travis-build.sh
		travis-nuget-deploy.sh = travis-nuget-deploy.sh
		setup-pg-user.sh = setup-pg-user.sh
		deploy.sh = deploy.sh
		travis-deploy-sc-exporter.sh = travis-deploy-sc-exporter.sh
		azure-pipelines.yml = azure-pipelines.yml
	EndProjectSection
EndProject
Project("{9A19103F-16F7-4668-BE54-9A1E7A4F7556}") = "ManageCourses.ApiClient", "src\ManageCourses.ApiClient\ManageCourses.ApiClient.csproj", "{0633820A-7391-439C-A8D2-8A2B31A1D6B2}"
EndProject
Project("{9A19103F-16F7-4668-BE54-9A1E7A4F7556}") = "ManageCourses.CourseExporterUtil", "src\ManageCourses.CourseExporterUtil\ManageCourses.CourseExporterUtil.csproj", "{40CC1BF6-CC90-4AEB-BBDC-894ADCDA4203}"
EndProject
Project("{2150E333-8FDC-42A3-9474-1A3956D46DE8}") = "UcasCourseImporter", "UcasCourseImporter", "{41053243-7E2F-48EE-BAAC-2663CA17D4FC}"
EndProject
Project("{9A19103F-16F7-4668-BE54-9A1E7A4F7556}") = "CsvReader", "src\ManageCourses.UcasCourseImporter\csv-reader\CsvReader.csproj", "{5D89B9C1-817C-4D7E-AEB2-0F7BE8CC30C6}"
EndProject
Project("{9A19103F-16F7-4668-BE54-9A1E7A4F7556}") = "UcasCourseImporter", "src\ManageCourses.UcasCourseImporter\importer\UcasCourseImporter.csproj", "{8A7DF99E-293A-43A4-B04D-111AEA352F96}"
EndProject
Project("{9A19103F-16F7-4668-BE54-9A1E7A4F7556}") = "XlsReader", "src\ManageCourses.UcasCourseImporter\xls-reader\XlsReader.csproj", "{3D6088D7-3EA7-4721-BAC8-A3DFD6708EFF}"
EndProject
Project("{2150E333-8FDC-42A3-9474-1A3956D46DE8}") = "CourseExporterUtil", "CourseExporterUtil", "{62449293-74FA-42DD-9837-D12C6E8121E7}"
EndProject
Project("{2150E333-8FDC-42A3-9474-1A3956D46DE8}") = "azure", "azure", "{63FA96FF-8532-42DA-82D5-95CB41AEB0E9}"
ProjectSection(SolutionItems) = preProject
	azure\template.json = azure\template.json
EndProjectSection
EndProject
Project("{2150E333-8FDC-42A3-9474-1A3956D46DE8}") = "scripts", "scripts", "{E94CEAAD-5C82-4792-944A-E621395ED3E1}"
ProjectSection(SolutionItems) = preProject
	azure\scripts\Add-PostgreSQLFirewallRule.ps1 = azure\scripts\Add-PostgreSQLFirewallRule.ps1
	azure\scripts\Remove-PostgreSQLFirewallRule.ps1 = azure\scripts\Remove-PostgreSQLFirewallRule.ps1
EndProjectSection
EndProject
Global
	GlobalSection(SolutionConfigurationPlatforms) = preSolution
		Debug|Any CPU = Debug|Any CPU
		Debug|x64 = Debug|x64
		Debug|x86 = Debug|x86
		Release|Any CPU = Release|Any CPU
		Release|x64 = Release|x64
		Release|x86 = Release|x86
	EndGlobalSection
	GlobalSection(ProjectConfigurationPlatforms) = postSolution
		{1B14DEBC-6F2D-45EB-B4BF-8C84EA78A574}.Debug|Any CPU.ActiveCfg = Debug|Any CPU
		{1B14DEBC-6F2D-45EB-B4BF-8C84EA78A574}.Debug|Any CPU.Build.0 = Debug|Any CPU
		{1B14DEBC-6F2D-45EB-B4BF-8C84EA78A574}.Debug|x64.ActiveCfg = Debug|Any CPU
		{1B14DEBC-6F2D-45EB-B4BF-8C84EA78A574}.Debug|x64.Build.0 = Debug|Any CPU
		{1B14DEBC-6F2D-45EB-B4BF-8C84EA78A574}.Debug|x86.ActiveCfg = Debug|Any CPU
		{1B14DEBC-6F2D-45EB-B4BF-8C84EA78A574}.Debug|x86.Build.0 = Debug|Any CPU
		{1B14DEBC-6F2D-45EB-B4BF-8C84EA78A574}.Release|Any CPU.ActiveCfg = Release|Any CPU
		{1B14DEBC-6F2D-45EB-B4BF-8C84EA78A574}.Release|Any CPU.Build.0 = Release|Any CPU
		{1B14DEBC-6F2D-45EB-B4BF-8C84EA78A574}.Release|x64.ActiveCfg = Release|Any CPU
		{1B14DEBC-6F2D-45EB-B4BF-8C84EA78A574}.Release|x64.Build.0 = Release|Any CPU
		{1B14DEBC-6F2D-45EB-B4BF-8C84EA78A574}.Release|x86.ActiveCfg = Release|Any CPU
		{1B14DEBC-6F2D-45EB-B4BF-8C84EA78A574}.Release|x86.Build.0 = Release|Any CPU
		{5F275A12-17FE-4ABE-AA74-DE3CF654A49E}.Debug|Any CPU.ActiveCfg = Debug|Any CPU
		{5F275A12-17FE-4ABE-AA74-DE3CF654A49E}.Debug|Any CPU.Build.0 = Debug|Any CPU
		{5F275A12-17FE-4ABE-AA74-DE3CF654A49E}.Debug|x64.ActiveCfg = Debug|Any CPU
		{5F275A12-17FE-4ABE-AA74-DE3CF654A49E}.Debug|x64.Build.0 = Debug|Any CPU
		{5F275A12-17FE-4ABE-AA74-DE3CF654A49E}.Debug|x86.ActiveCfg = Debug|Any CPU
		{5F275A12-17FE-4ABE-AA74-DE3CF654A49E}.Debug|x86.Build.0 = Debug|Any CPU
		{5F275A12-17FE-4ABE-AA74-DE3CF654A49E}.Release|Any CPU.ActiveCfg = Release|Any CPU
		{5F275A12-17FE-4ABE-AA74-DE3CF654A49E}.Release|Any CPU.Build.0 = Release|Any CPU
		{5F275A12-17FE-4ABE-AA74-DE3CF654A49E}.Release|x64.ActiveCfg = Release|Any CPU
		{5F275A12-17FE-4ABE-AA74-DE3CF654A49E}.Release|x64.Build.0 = Release|Any CPU
		{5F275A12-17FE-4ABE-AA74-DE3CF654A49E}.Release|x86.ActiveCfg = Release|Any CPU
		{5F275A12-17FE-4ABE-AA74-DE3CF654A49E}.Release|x86.Build.0 = Release|Any CPU
		{9AA5A243-8EA1-4201-AA3E-E15FBC9360A5}.Debug|Any CPU.ActiveCfg = Debug|Any CPU
		{9AA5A243-8EA1-4201-AA3E-E15FBC9360A5}.Debug|Any CPU.Build.0 = Debug|Any CPU
		{9AA5A243-8EA1-4201-AA3E-E15FBC9360A5}.Debug|x64.ActiveCfg = Debug|Any CPU
		{9AA5A243-8EA1-4201-AA3E-E15FBC9360A5}.Debug|x64.Build.0 = Debug|Any CPU
		{9AA5A243-8EA1-4201-AA3E-E15FBC9360A5}.Debug|x86.ActiveCfg = Debug|Any CPU
		{9AA5A243-8EA1-4201-AA3E-E15FBC9360A5}.Debug|x86.Build.0 = Debug|Any CPU
		{9AA5A243-8EA1-4201-AA3E-E15FBC9360A5}.Release|Any CPU.ActiveCfg = Release|Any CPU
		{9AA5A243-8EA1-4201-AA3E-E15FBC9360A5}.Release|Any CPU.Build.0 = Release|Any CPU
		{9AA5A243-8EA1-4201-AA3E-E15FBC9360A5}.Release|x64.ActiveCfg = Release|Any CPU
		{9AA5A243-8EA1-4201-AA3E-E15FBC9360A5}.Release|x64.Build.0 = Release|Any CPU
		{9AA5A243-8EA1-4201-AA3E-E15FBC9360A5}.Release|x86.ActiveCfg = Release|Any CPU
		{9AA5A243-8EA1-4201-AA3E-E15FBC9360A5}.Release|x86.Build.0 = Release|Any CPU
		{0633820A-7391-439C-A8D2-8A2B31A1D6B2}.Debug|Any CPU.ActiveCfg = Debug|Any CPU
		{0633820A-7391-439C-A8D2-8A2B31A1D6B2}.Debug|Any CPU.Build.0 = Debug|Any CPU
		{0633820A-7391-439C-A8D2-8A2B31A1D6B2}.Debug|x64.ActiveCfg = Debug|Any CPU
		{0633820A-7391-439C-A8D2-8A2B31A1D6B2}.Debug|x64.Build.0 = Debug|Any CPU
		{0633820A-7391-439C-A8D2-8A2B31A1D6B2}.Debug|x86.ActiveCfg = Debug|Any CPU
		{0633820A-7391-439C-A8D2-8A2B31A1D6B2}.Debug|x86.Build.0 = Debug|Any CPU
		{0633820A-7391-439C-A8D2-8A2B31A1D6B2}.Release|Any CPU.ActiveCfg = Release|Any CPU
		{0633820A-7391-439C-A8D2-8A2B31A1D6B2}.Release|Any CPU.Build.0 = Release|Any CPU
		{0633820A-7391-439C-A8D2-8A2B31A1D6B2}.Release|x64.ActiveCfg = Release|Any CPU
		{0633820A-7391-439C-A8D2-8A2B31A1D6B2}.Release|x64.Build.0 = Release|Any CPU
		{0633820A-7391-439C-A8D2-8A2B31A1D6B2}.Release|x86.ActiveCfg = Release|Any CPU
		{0633820A-7391-439C-A8D2-8A2B31A1D6B2}.Release|x86.Build.0 = Release|Any CPU
		{40CC1BF6-CC90-4AEB-BBDC-894ADCDA4203}.Debug|Any CPU.ActiveCfg = Debug|Any CPU
		{40CC1BF6-CC90-4AEB-BBDC-894ADCDA4203}.Debug|Any CPU.Build.0 = Debug|Any CPU
		{40CC1BF6-CC90-4AEB-BBDC-894ADCDA4203}.Debug|x64.ActiveCfg = Debug|Any CPU
		{40CC1BF6-CC90-4AEB-BBDC-894ADCDA4203}.Debug|x64.Build.0 = Debug|Any CPU
		{40CC1BF6-CC90-4AEB-BBDC-894ADCDA4203}.Debug|x86.ActiveCfg = Debug|Any CPU
		{40CC1BF6-CC90-4AEB-BBDC-894ADCDA4203}.Debug|x86.Build.0 = Debug|Any CPU
		{40CC1BF6-CC90-4AEB-BBDC-894ADCDA4203}.Release|Any CPU.ActiveCfg = Release|Any CPU
		{40CC1BF6-CC90-4AEB-BBDC-894ADCDA4203}.Release|Any CPU.Build.0 = Release|Any CPU
		{40CC1BF6-CC90-4AEB-BBDC-894ADCDA4203}.Release|x64.ActiveCfg = Release|Any CPU
		{40CC1BF6-CC90-4AEB-BBDC-894ADCDA4203}.Release|x64.Build.0 = Release|Any CPU
		{40CC1BF6-CC90-4AEB-BBDC-894ADCDA4203}.Release|x86.ActiveCfg = Release|Any CPU
		{40CC1BF6-CC90-4AEB-BBDC-894ADCDA4203}.Release|x86.Build.0 = Release|Any CPU
		{5D89B9C1-817C-4D7E-AEB2-0F7BE8CC30C6}.Debug|Any CPU.ActiveCfg = Debug|Any CPU
		{5D89B9C1-817C-4D7E-AEB2-0F7BE8CC30C6}.Debug|Any CPU.Build.0 = Debug|Any CPU
		{5D89B9C1-817C-4D7E-AEB2-0F7BE8CC30C6}.Debug|x64.ActiveCfg = Debug|Any CPU
		{5D89B9C1-817C-4D7E-AEB2-0F7BE8CC30C6}.Debug|x64.Build.0 = Debug|Any CPU
		{5D89B9C1-817C-4D7E-AEB2-0F7BE8CC30C6}.Debug|x86.ActiveCfg = Debug|Any CPU
		{5D89B9C1-817C-4D7E-AEB2-0F7BE8CC30C6}.Debug|x86.Build.0 = Debug|Any CPU
		{5D89B9C1-817C-4D7E-AEB2-0F7BE8CC30C6}.Release|Any CPU.ActiveCfg = Release|Any CPU
		{5D89B9C1-817C-4D7E-AEB2-0F7BE8CC30C6}.Release|Any CPU.Build.0 = Release|Any CPU
		{5D89B9C1-817C-4D7E-AEB2-0F7BE8CC30C6}.Release|x64.ActiveCfg = Release|Any CPU
		{5D89B9C1-817C-4D7E-AEB2-0F7BE8CC30C6}.Release|x64.Build.0 = Release|Any CPU
		{5D89B9C1-817C-4D7E-AEB2-0F7BE8CC30C6}.Release|x86.ActiveCfg = Release|Any CPU
		{5D89B9C1-817C-4D7E-AEB2-0F7BE8CC30C6}.Release|x86.Build.0 = Release|Any CPU
		{8A7DF99E-293A-43A4-B04D-111AEA352F96}.Debug|Any CPU.ActiveCfg = Debug|Any CPU
		{8A7DF99E-293A-43A4-B04D-111AEA352F96}.Debug|Any CPU.Build.0 = Debug|Any CPU
		{8A7DF99E-293A-43A4-B04D-111AEA352F96}.Debug|x64.ActiveCfg = Debug|Any CPU
		{8A7DF99E-293A-43A4-B04D-111AEA352F96}.Debug|x64.Build.0 = Debug|Any CPU
		{8A7DF99E-293A-43A4-B04D-111AEA352F96}.Debug|x86.ActiveCfg = Debug|Any CPU
		{8A7DF99E-293A-43A4-B04D-111AEA352F96}.Debug|x86.Build.0 = Debug|Any CPU
		{8A7DF99E-293A-43A4-B04D-111AEA352F96}.Release|Any CPU.ActiveCfg = Release|Any CPU
		{8A7DF99E-293A-43A4-B04D-111AEA352F96}.Release|Any CPU.Build.0 = Release|Any CPU
		{8A7DF99E-293A-43A4-B04D-111AEA352F96}.Release|x64.ActiveCfg = Release|Any CPU
		{8A7DF99E-293A-43A4-B04D-111AEA352F96}.Release|x64.Build.0 = Release|Any CPU
		{8A7DF99E-293A-43A4-B04D-111AEA352F96}.Release|x86.ActiveCfg = Release|Any CPU
		{8A7DF99E-293A-43A4-B04D-111AEA352F96}.Release|x86.Build.0 = Release|Any CPU
		{3D6088D7-3EA7-4721-BAC8-A3DFD6708EFF}.Debug|Any CPU.ActiveCfg = Debug|Any CPU
		{3D6088D7-3EA7-4721-BAC8-A3DFD6708EFF}.Debug|Any CPU.Build.0 = Debug|Any CPU
		{3D6088D7-3EA7-4721-BAC8-A3DFD6708EFF}.Debug|x64.ActiveCfg = Debug|Any CPU
		{3D6088D7-3EA7-4721-BAC8-A3DFD6708EFF}.Debug|x64.Build.0 = Debug|Any CPU
		{3D6088D7-3EA7-4721-BAC8-A3DFD6708EFF}.Debug|x86.ActiveCfg = Debug|Any CPU
		{3D6088D7-3EA7-4721-BAC8-A3DFD6708EFF}.Debug|x86.Build.0 = Debug|Any CPU
		{3D6088D7-3EA7-4721-BAC8-A3DFD6708EFF}.Release|Any CPU.ActiveCfg = Release|Any CPU
		{3D6088D7-3EA7-4721-BAC8-A3DFD6708EFF}.Release|Any CPU.Build.0 = Release|Any CPU
		{3D6088D7-3EA7-4721-BAC8-A3DFD6708EFF}.Release|x64.ActiveCfg = Release|Any CPU
		{3D6088D7-3EA7-4721-BAC8-A3DFD6708EFF}.Release|x64.Build.0 = Release|Any CPU
		{3D6088D7-3EA7-4721-BAC8-A3DFD6708EFF}.Release|x86.ActiveCfg = Release|Any CPU
		{3D6088D7-3EA7-4721-BAC8-A3DFD6708EFF}.Release|x86.Build.0 = Release|Any CPU
	EndGlobalSection
	GlobalSection(SolutionProperties) = preSolution
		HideSolutionNode = FALSE
	EndGlobalSection
	GlobalSection(NestedProjects) = preSolution
		{1B14DEBC-6F2D-45EB-B4BF-8C84EA78A574} = {97772813-B246-499F-8970-4675EE416422}
		{5F275A12-17FE-4ABE-AA74-DE3CF654A49E} = {97772813-B246-499F-8970-4675EE416422}
		{9AA5A243-8EA1-4201-AA3E-E15FBC9360A5} = {4302DC49-CE76-491F-8130-316C683B479E}
		{0633820A-7391-439C-A8D2-8A2B31A1D6B2} = {97772813-B246-499F-8970-4675EE416422}
		{40CC1BF6-CC90-4AEB-BBDC-894ADCDA4203} = {62449293-74FA-42DD-9837-D12C6E8121E7}
		{41053243-7E2F-48EE-BAAC-2663CA17D4FC} = {97772813-B246-499F-8970-4675EE416422}
		{5D89B9C1-817C-4D7E-AEB2-0F7BE8CC30C6} = {41053243-7E2F-48EE-BAAC-2663CA17D4FC}
		{8A7DF99E-293A-43A4-B04D-111AEA352F96} = {41053243-7E2F-48EE-BAAC-2663CA17D4FC}
		{3D6088D7-3EA7-4721-BAC8-A3DFD6708EFF} = {41053243-7E2F-48EE-BAAC-2663CA17D4FC}
		{62449293-74FA-42DD-9837-D12C6E8121E7} = {97772813-B246-499F-8970-4675EE416422}
		{63FA96FF-8532-42DA-82D5-95CB41AEB0E9} = {CFA02597-E2C6-4F09-BC95-5DF91FD6ABDA}
		{E94CEAAD-5C82-4792-944A-E621395ED3E1} = {63FA96FF-8532-42DA-82D5-95CB41AEB0E9}
	EndGlobalSection
	GlobalSection(ExtensibilityGlobals) = postSolution
		SolutionGuid = {AC887F84-7484-4201-9789-28BAA60494AE}
	EndGlobalSection
EndGlobal
