Microsoft Visual Studio Solution File, Format Version 12.00
# Visual Studio 15
VisualStudioVersion = 15.0.26124.0
MinimumVisualStudioVersion = 15.0.26124.0
Project("{2150E333-8FDC-42A3-9474-1A3956D46DE8}") = "src", "src", "{97772813-B246-499F-8970-4675EE416422}"
EndProject
Project("{9A19103F-16F7-4668-BE54-9A1E7A4F7556}") = "ManageCourses.Api", "src\ManageCourses.Api\ManageCourses.Api.csproj", "{1B14DEBC-6F2D-45EB-B4BF-8C84EA78A574}"
EndProject
Project("{9A19103F-16F7-4668-BE54-9A1E7A4F7556}") = "ManageCourses.Domain", "src\ManageCourses.Domain\ManageCourses.Domain.csproj", "{5F275A12-17FE-4ABE-AA74-DE3CF654A49E}"
EndProject
Project("{2150E333-8FDC-42A3-9474-1A3956D46DE8}") = "tests", "tests", "{4302DC49-CE76-491F-8130-316C683B479E}"
EndProject
Project("{9A19103F-16F7-4668-BE54-9A1E7A4F7556}") = "ManageCourses.Tests", "tests\ManageCourses.Tests\ManageCourses.Tests.csproj", "{9AA5A243-8EA1-4201-AA3E-E15FBC9360A5}"
EndProject
Global
	GlobalSection(SolutionConfigurationPlatforms) = preSolution
		Debug|Any CPU = Debug|Any CPU
		Debug|x64 = Debug|x64
		Debug|x86 = Debug|x86
		Release|Any CPU = Release|Any CPU
		Release|x64 = Release|x64
		Release|x86 = Release|x86
	EndGlobalSection
	GlobalSection(ProjectConfigurationPlatforms) = postSolution
		{1B14DEBC-6F2D-45EB-B4BF-8C84EA78A574}.Debug|Any CPU.ActiveCfg = Debug|Any CPU
		{1B14DEBC-6F2D-45EB-B4BF-8C84EA78A574}.Debug|Any CPU.Build.0 = Debug|Any CPU
		{1B14DEBC-6F2D-45EB-B4BF-8C84EA78A574}.Debug|x64.ActiveCfg = Debug|Any CPU
		{1B14DEBC-6F2D-45EB-B4BF-8C84EA78A574}.Debug|x64.Build.0 = Debug|Any CPU
		{1B14DEBC-6F2D-45EB-B4BF-8C84EA78A574}.Debug|x86.ActiveCfg = Debug|Any CPU
		{1B14DEBC-6F2D-45EB-B4BF-8C84EA78A574}.Debug|x86.Build.0 = Debug|Any CPU
		{1B14DEBC-6F2D-45EB-B4BF-8C84EA78A574}.Release|Any CPU.ActiveCfg = Release|Any CPU
		{1B14DEBC-6F2D-45EB-B4BF-8C84EA78A574}.Release|Any CPU.Build.0 = Release|Any CPU
		{1B14DEBC-6F2D-45EB-B4BF-8C84EA78A574}.Release|x64.ActiveCfg = Release|Any CPU
		{1B14DEBC-6F2D-45EB-B4BF-8C84EA78A574}.Release|x64.Build.0 = Release|Any CPU
		{1B14DEBC-6F2D-45EB-B4BF-8C84EA78A574}.Release|x86.ActiveCfg = Release|Any CPU
		{1B14DEBC-6F2D-45EB-B4BF-8C84EA78A574}.Release|x86.Build.0 = Release|Any CPU
		{5F275A12-17FE-4ABE-AA74-DE3CF654A49E}.Debug|Any CPU.ActiveCfg = Debug|Any CPU
		{5F275A12-17FE-4ABE-AA74-DE3CF654A49E}.Debug|Any CPU.Build.0 = Debug|Any CPU
		{5F275A12-17FE-4ABE-AA74-DE3CF654A49E}.Debug|x64.ActiveCfg = Debug|Any CPU
		{5F275A12-17FE-4ABE-AA74-DE3CF654A49E}.Debug|x64.Build.0 = Debug|Any CPU
		{5F275A12-17FE-4ABE-AA74-DE3CF654A49E}.Debug|x86.ActiveCfg = Debug|Any CPU
		{5F275A12-17FE-4ABE-AA74-DE3CF654A49E}.Debug|x86.Build.0 = Debug|Any CPU
		{5F275A12-17FE-4ABE-AA74-DE3CF654A49E}.Release|Any CPU.ActiveCfg = Release|Any CPU
		{5F275A12-17FE-4ABE-AA74-DE3CF654A49E}.Release|Any CPU.Build.0 = Release|Any CPU
		{5F275A12-17FE-4ABE-AA74-DE3CF654A49E}.Release|x64.ActiveCfg = Release|Any CPU
		{5F275A12-17FE-4ABE-AA74-DE3CF654A49E}.Release|x64.Build.0 = Release|Any CPU
		{5F275A12-17FE-4ABE-AA74-DE3CF654A49E}.Release|x86.ActiveCfg = Release|Any CPU
		{5F275A12-17FE-4ABE-AA74-DE3CF654A49E}.Release|x86.Build.0 = Release|Any CPU
		{9AA5A243-8EA1-4201-AA3E-E15FBC9360A5}.Debug|Any CPU.ActiveCfg = Debug|Any CPU
		{9AA5A243-8EA1-4201-AA3E-E15FBC9360A5}.Debug|Any CPU.Build.0 = Debug|Any CPU
		{9AA5A243-8EA1-4201-AA3E-E15FBC9360A5}.Debug|x64.ActiveCfg = Debug|Any CPU
		{9AA5A243-8EA1-4201-AA3E-E15FBC9360A5}.Debug|x64.Build.0 = Debug|Any CPU
		{9AA5A243-8EA1-4201-AA3E-E15FBC9360A5}.Debug|x86.ActiveCfg = Debug|Any CPU
		{9AA5A243-8EA1-4201-AA3E-E15FBC9360A5}.Debug|x86.Build.0 = Debug|Any CPU
		{9AA5A243-8EA1-4201-AA3E-E15FBC9360A5}.Release|Any CPU.ActiveCfg = Release|Any CPU
		{9AA5A243-8EA1-4201-AA3E-E15FBC9360A5}.Release|Any CPU.Build.0 = Release|Any CPU
		{9AA5A243-8EA1-4201-AA3E-E15FBC9360A5}.Release|x64.ActiveCfg = Release|Any CPU
		{9AA5A243-8EA1-4201-AA3E-E15FBC9360A5}.Release|x64.Build.0 = Release|Any CPU
		{9AA5A243-8EA1-4201-AA3E-E15FBC9360A5}.Release|x86.ActiveCfg = Release|Any CPU
		{9AA5A243-8EA1-4201-AA3E-E15FBC9360A5}.Release|x86.Build.0 = Release|Any CPU
	EndGlobalSection
	GlobalSection(SolutionProperties) = preSolution
		HideSolutionNode = FALSE
	EndGlobalSection
	GlobalSection(NestedProjects) = preSolution
		{1B14DEBC-6F2D-45EB-B4BF-8C84EA78A574} = {97772813-B246-499F-8970-4675EE416422}
		{5F275A12-17FE-4ABE-AA74-DE3CF654A49E} = {97772813-B246-499F-8970-4675EE416422}
		{9AA5A243-8EA1-4201-AA3E-E15FBC9360A5} = {4302DC49-CE76-491F-8130-316C683B479E}
	EndGlobalSection
	GlobalSection(ExtensibilityGlobals) = postSolution
		SolutionGuid = {AC887F84-7484-4201-9789-28BAA60494AE}
	EndGlobalSection
EndGlobal
